// !$*UTF8*$!
{
	archiveVersion = 1;
	classes = {
	};
	objectVersion = 46;
	objects = {

/* Begin PBXBuildFile section */
		46A161AF1EB7FCAE00CB9DAC /* AppDelegate.swift in Sources */ = {isa = PBXBuildFile; fileRef = 46A161AE1EB7FCAE00CB9DAC /* AppDelegate.swift */; };
		46A161B11EB7FCAE00CB9DAC /* ViewController.swift in Sources */ = {isa = PBXBuildFile; fileRef = 46A161B01EB7FCAE00CB9DAC /* ViewController.swift */; };
		46A161B41EB7FCAE00CB9DAC /* Main.storyboard in Resources */ = {isa = PBXBuildFile; fileRef = 46A161B21EB7FCAE00CB9DAC /* Main.storyboard */; };
		46A161B61EB7FCAE00CB9DAC /* Assets.xcassets in Resources */ = {isa = PBXBuildFile; fileRef = 46A161B51EB7FCAE00CB9DAC /* Assets.xcassets */; };
		46A161B91EB7FCAF00CB9DAC /* LaunchScreen.storyboard in Resources */ = {isa = PBXBuildFile; fileRef = 46A161B71EB7FCAF00CB9DAC /* LaunchScreen.storyboard */; };
/* End PBXBuildFile section */

/* Begin PBXFileReference section */
		46A161AB1EB7FCAE00CB9DAC /* DogYears.app */ = {isa = PBXFileReference; explicitFileType = wrapper.application; includeInIndex = 0; path = DogYears.app; sourceTree = BUILT_PRODUCTS_DIR; };
		46A161AE1EB7FCAE00CB9DAC /* AppDelegate.swift */ = {isa = PBXFileReference; lastKnownFileType = sourcecode.swift; path = AppDelegate.swift; sourceTree = "<group>"; };
		46A161B01EB7FCAE00CB9DAC /* ViewController.swift */ = {isa = PBXFileReference; lastKnownFileType = sourcecode.swift; path = ViewController.swift; sourceTree = "<group>"; };
		46A161B31EB7FCAE00CB9DAC /* Base */ = {isa = PBXFileReference; lastKnownFileType = file.storyboard; name = Base; path = Base.lproj/Main.storyboard; sourceTree = "<group>"; };
		46A161B51EB7FCAE00CB9DAC /* Assets.xcassets */ = {isa = PBXFileReference; lastKnownFileType = folder.assetcatalog; path = Assets.xcassets; sourceTree = "<group>"; };
		46A161B81EB7FCAF00CB9DAC /* Base */ = {isa = PBXFileReference; lastKnownFileType = file.storyboard; name = Base; path = Base.lproj/LaunchScreen.storyboard; sourceTree = "<group>"; };
		46A161BA1EB7FCAF00CB9DAC /* Info.plist */ = {isa = PBXFileReference; lastKnownFileType = text.plist.xml; path = Info.plist; sourceTree = "<group>"; };
/* End PBXFileReference section */

/* Begin PBXFrameworksBuildPhase section */
		46A161A81EB7FCAE00CB9DAC /* Frameworks */ = {
			isa = PBXFrameworksBuildPhase;
			buildActionMask = 2147483647;
			files = (
			);
			runOnlyForDeploymentPostprocessing = 0;
		};
/* End PBXFrameworksBuildPhase section */

/* Begin PBXGroup section */
		46A161A21EB7FCAE00CB9DAC = {
			isa = PBXGroup;
			children = (
				46A161AD1EB7FCAE00CB9DAC /* DogYears */,
				46A161AC1EB7FCAE00CB9DAC /* Products */,
			);
			sourceTree = "<group>";
		};
		46A161AC1EB7FCAE00CB9DAC /* Products */ = {
			isa = PBXGroup;
			children = (
				46A161AB1EB7FCAE00CB9DAC /* DogYears.app */,
			);
			name = Products;
			sourceTree = "<group>";
		};
		46A161AD1EB7FCAE00CB9DAC /* DogYears */ = {
			isa = PBXGroup;
			children = (
				46A161AE1EB7FCAE00CB9DAC /* AppDelegate.swift */,
				46A161B01EB7FCAE00CB9DAC /* ViewController.swift */,
				46A161B21EB7FCAE00CB9DAC /* Main.storyboard */,
				46A161B51EB7FCAE00CB9DAC /* Assets.xcassets */,
				46A161B71EB7FCAF00CB9DAC /* LaunchScreen.storyboard */,
				46A161BA1EB7FCAF00CB9DAC /* Info.plist */,
			);
			path = DogYears;
			sourceTree = "<group>";
		};
/* End PBXGroup section */

/* Begin PBXNativeTarget section */
		46A161AA1EB7FCAE00CB9DAC /* DogYears */ = {
			isa = PBXNativeTarget;
			buildConfigurationList = 46A161BD1EB7FCAF00CB9DAC /* Build configuration list for PBXNativeTarget "DogYears" */;
			buildPhases = (
				46A161A71EB7FCAE00CB9DAC /* Sources */,
				46A161A81EB7FCAE00CB9DAC /* Frameworks */,
				46A161A91EB7FCAE00CB9DAC /* Resources */,
			);
			buildRules = (
			);
			dependencies = (
			);
			name = DogYears;
			productName = DogYears;
			productReference = 46A161AB1EB7FCAE00CB9DAC /* DogYears.app */;
			productType = "com.apple.product-type.application";
		};
/* End PBXNativeTarget section */

/* Begin PBXProject section */
		46A161A31EB7FCAE00CB9DAC /* Project object */ = {
			isa = PBXProject;
			attributes = {
				LastSwiftUpdateCheck = 0830;
				LastUpgradeCheck = 0830;
				ORGANIZATIONNAME = "EHS LLC";
				TargetAttributes = {
					46A161AA1EB7FCAE00CB9DAC = {
						CreatedOnToolsVersion = 8.3.2;
						ProvisioningStyle = Automatic;
					};
				};
			};
			buildConfigurationList = 46A161A61EB7FCAE00CB9DAC /* Build configuration list for PBXProject "DogYears" */;
			compatibilityVersion = "Xcode 3.2";
			developmentRegion = English;
			hasScannedForEncodings = 0;
			knownRegions = (
				en,
				Base,
			);
			mainGroup = 46A161A21EB7FCAE00CB9DAC;
			productRefGroup = 46A161AC1EB7FCAE00CB9DAC /* Products */;
			projectDirPath = "";
			projectRoot = "";
			targets = (
				46A161AA1EB7FCAE00CB9DAC /* DogYears */,
			);
		};
/* End PBXProject section */

/* Begin PBXResourcesBuildPhase section */
		46A161A91EB7FCAE00CB9DAC /* Resources */ = {
			isa = PBXResourcesBuildPhase;
			buildActionMask = 2147483647;
			files = (
				46A161B91EB7FCAF00CB9DAC /* LaunchScreen.storyboard in Resources */,
				46A161B61EB7FCAE00CB9DAC /* Assets.xcassets in Resources */,
				46A161B41EB7FCAE00CB9DAC /* Main.storyboard in Resources */,
			);
			runOnlyForDeploymentPostprocessing = 0;
		};
/* End PBXResourcesBuildPhase section */

/* Begin PBXSourcesBuildPhase section */
		46A161A71EB7FCAE00CB9DAC /* Sources */ = {
			isa = PBXSourcesBuildPhase;
			buildActionMask = 2147483647;
			files = (
				46A161B11EB7FCAE00CB9DAC /* ViewController.swift in Sources */,
				46A161AF1EB7FCAE00CB9DAC /* AppDelegate.swift in Sources */,
			);
			runOnlyForDeploymentPostprocessing = 0;
		};
/* End PBXSourcesBuildPhase section */

/* Begin PBXVariantGroup section */
		46A161B21EB7FCAE00CB9DAC /* Main.storyboard */ = {
			isa = PBXVariantGroup;
			children = (
				46A161B31EB7FCAE00CB9DAC /* Base */,
			);
			name = Main.storyboard;
			sourceTree = "<group>";
		};
		46A161B71EB7FCAF00CB9DAC /* LaunchScreen.storyboard */ = {
			isa = PBXVariantGroup;
			children = (
				46A161B81EB7FCAF00CB9DAC /* Base */,
			);
			name = LaunchScreen.storyboard;
			sourceTree = "<group>";
		};
/* End PBXVariantGroup section */

/* Begin XCBuildConfiguration section */
		46A161BB1EB7FCAF00CB9DAC /* Debug */ = {
			isa = XCBuildConfiguration;
			buildSettings = {
				ALWAYS_SEARCH_USER_PATHS = NO;
				CLANG_ANALYZER_NONNULL = YES;
				CLANG_ANALYZER_NUMBER_OBJECT_CONVERSION = YES_AGGRESSIVE;
				CLANG_CXX_LANGUAGE_STANDARD = "gnu++0x";
				CLANG_CXX_LIBRARY = "libc++";
				CLANG_ENABLE_MODULES = YES;
				CLANG_ENABLE_OBJC_ARC = YES;
				CLANG_WARN_BOOL_CONVERSION = YES;
				CLANG_WARN_CONSTANT_CONVERSION = YES;
				CLANG_WARN_DIRECT_OBJC_ISA_USAGE = YES_ERROR;
				CLANG_WARN_DOCUMENTATION_COMMENTS = YES;
				CLANG_WARN_EMPTY_BODY = YES;
				CLANG_WARN_ENUM_CONVERSION = YES;
				CLANG_WARN_INFINITE_RECURSION = YES;
				CLANG_WARN_INT_CONVERSION = YES;
				CLANG_WARN_OBJC_ROOT_CLASS = YES_ERROR;
				CLANG_WARN_SUSPICIOUS_MOVE = YES;
				CLANG_WARN_UNREACHABLE_CODE = YES;
				CLANG_WARN__DUPLICATE_METHOD_MATCH = YES;
				"CODE_SIGN_IDENTITY[sdk=iphoneos*]" = "iPhone Developer";
				COPY_PHASE_STRIP = NO;
				DEBUG_INFORMATION_FORMAT = dwarf;
				ENABLE_STRICT_OBJC_MSGSEND = YES;
				ENABLE_TESTABILITY = YES;
				GCC_C_LANGUAGE_STANDARD = gnu99;
				GCC_DYNAMIC_NO_PIC = NO;
				GCC_NO_COMMON_BLOCKS = YES;
				GCC_OPTIMIZATION_LEVEL = 0;
				GCC_PREPROCESSOR_DEFINITIONS = (
					"DEBUG=1",
					"$(inherited)",
				);
				GCC_WARN_64_TO_32_BIT_CONVERSION = YES;
				GCC_WARN_ABOUT_RETURN_TYPE = YES_ERROR;
				GCC_WARN_UNDECLARED_SELECTOR = YES;
				GCC_WARN_UNINITIALIZED_AUTOS = YES_AGGRESSIVE;
				GCC_WARN_UNUSED_FUNCTION = YES;
				GCC_WARN_UNUSED_VARIABLE = YES;
				IPHONEOS_DEPLOYMENT_TARGET = 10.3;
				MTL_ENABLE_DEBUG_INFO = YES;
				ONLY_ACTIVE_ARCH = YES;
				SDKROOT = iphoneos;
				SWIFT_ACTIVE_COMPILATION_CONDITIONS = DEBUG;
				SWIFT_OPTIMIZATION_LEVEL = "-Onone";
			};
			name = Debug;
		};
		46A161BC1EB7FCAF00CB9DAC /* Release */ = {
			isa = XCBuildConfiguration;
			buildSettings = {
				ALWAYS_SEARCH_USER_PATHS = NO;
				CLANG_ANALYZER_NONNULL = YES;
				CLANG_ANALYZER_NUMBER_OBJECT_CONVERSION = YES_AGGRESSIVE;
				CLANG_CXX_LANGUAGE_STANDARD = "gnu++0x";
				CLANG_CXX_LIBRARY = "libc++";
				CLANG_ENABLE_MODULES = YES;
				CLANG_ENABLE_OBJC_ARC = YES;
				CLANG_WARN_BOOL_CONVERSION = YES;
				CLANG_WARN_CONSTANT_CONVERSION = YES;
				CLANG_WARN_DIRECT_OBJC_ISA_USAGE = YES_ERROR;
				CLANG_WARN_DOCUMENTATION_COMMENTS = YES;
				CLANG_WARN_EMPTY_BODY = YES;
				CLANG_WARN_ENUM_CONVERSION = YES;
				CLANG_WARN_INFINITE_RECURSION = YES;
				CLANG_WARN_INT_CONVERSION = YES;
				CLANG_WARN_OBJC_ROOT_CLASS = YES_ERROR;
				CLANG_WARN_SUSPICIOUS_MOVE = YES;
				CLANG_WARN_UNREACHABLE_CODE = YES;
				CLANG_WARN__DUPLICATE_METHOD_MATCH = YES;
				"CODE_SIGN_IDENTITY[sdk=iphoneos*]" = "iPhone Developer";
				COPY_PHASE_STRIP = NO;
				DEBUG_INFORMATION_FORMAT = "dwarf-with-dsym";
				ENABLE_NS_ASSERTIONS = NO;
				ENABLE_STRICT_OBJC_MSGSEND = YES;
				GCC_C_LANGUAGE_STANDARD = gnu99;
				GCC_NO_COMMON_BLOCKS = YES;
				GCC_WARN_64_TO_32_BIT_CONVERSION = YES;
				GCC_WARN_ABOUT_RETURN_TYPE = YES_ERROR;
				GCC_WARN_UNDECLARED_SELECTOR = YES;
				GCC_WARN_UNINITIALIZED_AUTOS = YES_AGGRESSIVE;
				GCC_WARN_UNUSED_FUNCTION = YES;
				GCC_WARN_UNUSED_VARIABLE = YES;
				IPHONEOS_DEPLOYMENT_TARGET = 10.3;
				MTL_ENABLE_DEBUG_INFO = NO;
				SDKROOT = iphoneos;
				SWIFT_OPTIMIZATION_LEVEL = "-Owholemodule";
				VALIDATE_PRODUCT = YES;
			};
			name = Release;
		};
		46A161BE1EB7FCAF00CB9DAC /* Debug */ = {
			isa = XCBuildConfiguration;
			buildSettings = {
				ASSETCATALOG_COMPILER_APPICON_NAME = AppIcon;
				INFOPLIST_FILE = DogYears/Info.plist;
				LD_RUNPATH_SEARCH_PATHS = "$(inherited) @executable_path/Frameworks";
				PRODUCT_BUNDLE_IDENTIFIER = com.edgarsalinas.DogYears;
				PRODUCT_NAME = "$(TARGET_NAME)";
				SWIFT_VERSION = 3.0;
			};
			name = Debug;
		};
		46A161BF1EB7FCAF00CB9DAC /* Release */ = {
			isa = XCBuildConfiguration;
			buildSettings = {
				ASSETCATALOG_COMPILER_APPICON_NAME = AppIcon;
				INFOPLIST_FILE = DogYears/Info.plist;
				LD_RUNPATH_SEARCH_PATHS = "$(inherited) @executable_path/Frameworks";
				PRODUCT_BUNDLE_IDENTIFIER = com.edgarsalinas.DogYears;
				PRODUCT_NAME = "$(TARGET_NAME)";
				SWIFT_VERSION = 3.0;
			};
			name = Release;
		};
/* End XCBuildConfiguration section */

/* Begin XCConfigurationList section */
		46A161A61EB7FCAE00CB9DAC /* Build configuration list for PBXProject "DogYears" */ = {
			isa = XCConfigurationList;
			buildConfigurations = (
				46A161BB1EB7FCAF00CB9DAC /* Debug */,
				46A161BC1EB7FCAF00CB9DAC /* Release */,
			);
			defaultConfigurationIsVisible = 0;
			defaultConfigurationName = Release;
		};
		46A161BD1EB7FCAF00CB9DAC /* Build configuration list for PBXNativeTarget "DogYears" */ = {
			isa = XCConfigurationList;
			buildConfigurations = (
				46A161BE1EB7FCAF00CB9DAC /* Debug */,
				46A161BF1EB7FCAF00CB9DAC /* Release */,
			);
			defaultConfigurationIsVisible = 0;
		};
/* End XCConfigurationList section */
	};
	rootObject = 46A161A31EB7FCAE00CB9DAC /* Project object */;
}
